
Microsoft Visual Studio Solution File, Format Version 12.00
# Visual Studio Version 16
VisualStudioVersion = 16.0.30204.135
MinimumVisualStudioVersion = 10.0.40219.1
Project("{8BC9CEB8-8B4A-11D0-8D11-00A0C91BC942}") = "winnow64", "winnow64.vcxproj", "{70972BC1-7073-3A41-84BE-D129F329257D}"
EndProject
Global
	GlobalSection(SolutionConfigurationPlatforms) = preSolution
		Debug|x64 = Debug|x64
		Release|x64 = Release|x64
	EndGlobalSection
	GlobalSection(ProjectConfigurationPlatforms) = postSolution
		{70972BC1-7073-3A41-84BE-D129F329257D}.Debug|x64.ActiveCfg = Debug|x64
		{70972BC1-7073-3A41-84BE-D129F329257D}.Debug|x64.Build.0 = Debug|x64
		{70972BC1-7073-3A41-84BE-D129F329257D}.Release|x64.ActiveCfg = Release|x64
		{70972BC1-7073-3A41-84BE-D129F329257D}.Release|x64.Build.0 = Release|x64
	EndGlobalSection
	GlobalSection(SolutionProperties) = preSolution
		HideSolutionNode = FALSE
	EndGlobalSection
	GlobalSection(ExtensibilityGlobals) = postSolution
		SolutionGuid = {7EAA3E50-B828-4971-8DA7-D8F7EEAD7046}
	EndGlobalSection
EndGlobal
