<?xml version="1.0" encoding="utf-8"?>
<Project xmlns="http://schemas.microsoft.com/developer/msbuild/2003">
  <ItemGroup>
    <Filter Include="Form Files">
      <UniqueIdentifier>{99349809-55BA-4b9d-BF79-8FDBB0286EB3}</UniqueIdentifier>
      <Extensions>ui</Extensions>
      <ParseFiles>false</ParseFiles>
    </Filter>
    <Filter Include="Form Files">
      <UniqueIdentifier>{99349809-55BA-4b9d-BF79-8FDBB0286EB3}</UniqueIdentifier>
      <Extensions>ui</Extensions>
      <ParseFiles>false</ParseFiles>
    </Filter>
    <Filter Include="Generated Files">
      <UniqueIdentifier>{71ED8ED8-ACB9-4CE9-BBE1-E00B30144E11}</UniqueIdentifier>
      <Extensions>cpp;c;cxx;moc;h;def;odl;idl;res;</Extensions>
    </Filter>
    <Filter Include="Generated Files">
      <UniqueIdentifier>{71ED8ED8-ACB9-4CE9-BBE1-E00B30144E11}</UniqueIdentifier>
      <Extensions>cpp;c;cxx;moc;h;def;odl;idl;res;</Extensions>
    </Filter>
    <Filter Include="Header Files">
      <UniqueIdentifier>{93995380-89BD-4b04-88EB-625FBE52EBFB}</UniqueIdentifier>
      <Extensions>h;hpp;hxx;hm;inl;inc;xsd</Extensions>
    </Filter>
    <Filter Include="Header Files">
      <UniqueIdentifier>{93995380-89BD-4b04-88EB-625FBE52EBFB}</UniqueIdentifier>
      <Extensions>h;hpp;hxx;hm;inl;inc;xsd</Extensions>
    </Filter>
    <Filter Include="Resource Files">
      <UniqueIdentifier>{D9D6E242-F8AF-46E4-B9FD-80ECBC20BA3E}</UniqueIdentifier>
      <Extensions>qrc;*</Extensions>
      <ParseFiles>false</ParseFiles>
    </Filter>
    <Filter Include="Resource Files">
      <UniqueIdentifier>{D9D6E242-F8AF-46E4-B9FD-80ECBC20BA3E}</UniqueIdentifier>
      <Extensions>qrc;*</Extensions>
      <ParseFiles>false</ParseFiles>
    </Filter>
    <Filter Include="Source Files">
      <UniqueIdentifier>{4FC737F1-C7A5-4376-A066-2A32D752A2FF}</UniqueIdentifier>
      <Extensions>cpp;c;cxx;def;odl;idl;hpj;bat;asm;asmx</Extensions>
    </Filter>
    <Filter Include="Source Files">
      <UniqueIdentifier>{4FC737F1-C7A5-4376-A066-2A32D752A2FF}</UniqueIdentifier>
      <Extensions>cpp;c;cxx;def;odl;idl;hpj;bat;asm;asmx</Extensions>
    </Filter>
    <Filter Include="Distribution Files">
      <UniqueIdentifier>{B83CAF91-C7BF-462F-B76C-EA11631F866C}</UniqueIdentifier>
      <Extensions>*</Extensions>
      <ParseFiles>false</ParseFiles>
    </Filter>
    <Filter Include="Distribution Files">
      <UniqueIdentifier>{B83CAF91-C7BF-462F-B76C-EA11631F866C}</UniqueIdentifier>
      <Extensions>*</Extensions>
      <ParseFiles>false</ParseFiles>
    </Filter>
  </ItemGroup>
  <ItemGroup>
    <ClCompile Include="ImageFormats\Heic\Heic.cpp">
      <Filter>Source Files</Filter>
    </ClCompile>
    <ClCompile Include="Dialogs\aboutdlg.cpp">
      <Filter>Source Files</Filter>
    </ClCompile>
    <ClCompile Include="Dialogs\appdlg.cpp">
      <Filter>Source Files</Filter>
    </ClCompile>
    <ClCompile Include="Utilities\bit.cpp">
      <Filter>Source Files</Filter>
    </ClCompile>
    <ClCompile Include="File\bookmarks.cpp">
      <Filter>Source Files</Filter>
    </ClCompile>
    <ClCompile Include="Datamodel\buildfilters.cpp">
      <Filter>Source Files</Filter>
    </ClCompile>
    <ClCompile Include="ImageFormats\Canon\canon.cpp">
      <Filter>Source Files</Filter>
    </ClCompile>
    <ClCompile Include="Utilities\classificationlabel.cpp">
      <Filter>Source Files</Filter>
    </ClCompile>
    <ClCompile Include="Views\compareImages.cpp">
      <Filter>Source Files</Filter>
    </ClCompile>
    <ClCompile Include="Views\compareview.cpp">
      <Filter>Source Files</Filter>
    </ClCompile>
    <ClCompile Include="Datamodel\datamodel.cpp">
      <Filter>Source Files</Filter>
    </ClCompile>
    <ClCompile Include="ImageFormats\Dng\dng.cpp">
      <Filter>Source Files</Filter>
    </ClCompile>
    <ClCompile Include="Main\dockwidget.cpp">
      <Filter>Source Files</Filter>
    </ClCompile>
    <ClCompile Include="Utilities\dropshadowlabel.cpp">
      <Filter>Source Files</Filter>
    </ClCompile>
    <ClCompile Include="Metadata\exif.cpp">
      <Filter>Source Files</Filter>
    </ClCompile>
    <ClCompile Include="Datamodel\filters.cpp">
      <Filter>Source Files</Filter>
    </ClCompile>
    <ClCompile Include="File\fstree.cpp">
      <Filter>Source Files</Filter>
    </ClCompile>
    <ClCompile Include="ImageFormats\Fuji\fuji.cpp">
      <Filter>Source Files</Filter>
    </ClCompile>
    <ClCompile Include="Main\global.cpp">
      <Filter>Source Files</Filter>
    </ClCompile>
    <ClCompile Include="Metadata\gps.cpp">
      <Filter>Source Files</Filter>
    </ClCompile>
    <ClCompile Include="Utilities\icc.cpp">
      <Filter>Source Files</Filter>
    </ClCompile>
    <ClCompile Include="Views\iconview.cpp">
      <Filter>Source Files</Filter>
    </ClCompile>
    <ClCompile Include="Views\iconviewdelegate.cpp">
      <Filter>Source Files</Filter>
    </ClCompile>
    <ClCompile Include="Metadata\ifd.cpp">
      <Filter>Source Files</Filter>
    </ClCompile>
    <ClCompile Include="Image\imagealign.cpp">
      <Filter>Source Files</Filter>
    </ClCompile>
    <ClCompile Include="Cache\imagecache.cpp">
      <Filter>Source Files</Filter>
    </ClCompile>
    <ClCompile Include="Views\imageview.cpp">
      <Filter>Source Files</Filter>
    </ClCompile>
    <ClCompile Include="Views\infostring.cpp">
      <Filter>Source Files</Filter>
    </ClCompile>
    <ClCompile Include="Views\infoview.cpp">
      <Filter>Source Files</Filter>
    </ClCompile>
    <ClCompile Include="Dialogs\ingestdlg.cpp">
      <Filter>Source Files</Filter>
    </ClCompile>
    <ClCompile Include="Metadata\iptc.cpp">
      <Filter>Source Files</Filter>
    </ClCompile>
    <ClCompile Include="Metadata\irb.cpp">
      <Filter>Source Files</Filter>
    </ClCompile>
    <ClCompile Include="ImageFormats\jpeg\jpeg.cpp">
      <Filter>Source Files</Filter>
    </ClCompile>
    <ClCompile Include="Dialogs\loadusbdlg.cpp">
      <Filter>Source Files</Filter>
    </ClCompile>
    <ClCompile Include="Main\main.cpp">
      <Filter>Source Files</Filter>
    </ClCompile>
    <ClCompile Include="Main\mainwindow.cpp">
      <Filter>Source Files</Filter>
    </ClCompile>
    <ClCompile Include="Cache\mdcache.cpp">
      <Filter>Source Files</Filter>
    </ClCompile>
    <ClCompile Include="Metadata\metadata.cpp">
      <Filter>Source Files</Filter>
    </ClCompile>
    <ClCompile Include="Metadata\metareport.cpp">
      <Filter>Source Files</Filter>
    </ClCompile>
    <ClCompile Include="ImageFormats\Nikon\nikon.cpp">
      <Filter>Source Files</Filter>
    </ClCompile>
    <ClCompile Include="ImageFormats\Olympus\olympus.cpp">
      <Filter>Source Files</Filter>
    </ClCompile>
    <ClCompile Include="ImageFormats\Panasonic\panasonic.cpp">
      <Filter>Source Files</Filter>
    </ClCompile>
    <ClCompile Include="Image\pixmap.cpp">
      <Filter>Source Files</Filter>
    </ClCompile>
    <ClCompile Include="Utilities\popup.cpp">
      <Filter>Source Files</Filter>
    </ClCompile>
    <ClCompile Include="PropertyEditor\preferences.cpp">
      <Filter>Source Files</Filter>
    </ClCompile>
    <ClCompile Include="Dialogs\preferencesdlg.cpp">
      <Filter>Source Files</Filter>
    </ClCompile>
    <ClCompile Include="Utilities\progressbar.cpp">
      <Filter>Source Files</Filter>
    </ClCompile>
    <ClCompile Include="PropertyEditor\propertydelegate.cpp">
      <Filter>Source Files</Filter>
    </ClCompile>
    <ClCompile Include="PropertyEditor\propertyeditor.cpp">
      <Filter>Source Files</Filter>
    </ClCompile>
    <ClCompile Include="PropertyEditor\propertywidgets.cpp">
      <Filter>Source Files</Filter>
    </ClCompile>
    <ClCompile Include="Dialogs\renamedlg.cpp">
      <Filter>Source Files</Filter>
    </ClCompile>
    <ClCompile Include="Dialogs\saveasdlg.cpp">
      <Filter>Source Files</Filter>
    </ClCompile>
    <ClCompile Include="ImageFormats\Sony\sony.cpp">
      <Filter>Source Files</Filter>
    </ClCompile>
    <ClCompile Include="Views\tableview.cpp">
      <Filter>Source Files</Filter>
    </ClCompile>
    <ClCompile Include="Dialogs\testaligndlg.cpp">
      <Filter>Source Files</Filter>
    </ClCompile>
    <ClCompile Include="Image\thumb.cpp">
      <Filter>Source Files</Filter>
    </ClCompile>
    <ClCompile Include="ImageFormats\Tiff\tiff.cpp">
      <Filter>Source Files</Filter>
    </ClCompile>
    <ClCompile Include="Dialogs\tokendlg.cpp">
      <Filter>Source Files</Filter>
    </ClCompile>
    <ClCompile Include="Dialogs\updateapp.cpp">
      <Filter>Source Files</Filter>
    </ClCompile>
    <ClCompile Include="Utilities\usb.cpp">
      <Filter>Source Files</Filter>
    </ClCompile>
    <ClCompile Include="Utilities\utilities.cpp">
      <Filter>Source Files</Filter>
    </ClCompile>
    <ClCompile Include="Main\widgetcss.cpp">
      <Filter>Source Files</Filter>
    </ClCompile>
    <ClCompile Include="Utilities\win.cpp">
      <Filter>Source Files</Filter>
    </ClCompile>
    <ClCompile Include="Dialogs\workspacedlg.cpp">
      <Filter>Source Files</Filter>
    </ClCompile>
    <ClCompile Include="Metadata\xmp.cpp">
      <Filter>Source Files</Filter>
    </ClCompile>
    <ClCompile Include="Dialogs\zoomdlg.cpp">
      <Filter>Source Files</Filter>
    </ClCompile>
  </ItemGroup>
  <ItemGroup>
    <QtMoc Include="Dialogs\aboutdlg.h">
      <Filter>Header Files</Filter>
    </QtMoc>
    <QtMoc Include="Dialogs\appdlg.h">
      <Filter>Header Files</Filter>
    </QtMoc>
    <ClInclude Include="Utilities\bit.h">
      <Filter>Header Files</Filter>
    </ClInclude>
    <QtMoc Include="File\bookmarks.h">
      <Filter>Header Files</Filter>
    </QtMoc>
    <QtMoc Include="Datamodel\buildfilters.h">
      <Filter>Header Files</Filter>
    </QtMoc>
    <QtMoc Include="ImageFormats\Canon\canon.h">
      <Filter>Header Files</Filter>
    </QtMoc>
    <QtMoc Include="Utilities\classificationlabel.h">
      <Filter>Header Files</Filter>
    </QtMoc>
    <QtMoc Include="Views\compareImages.h">
      <Filter>Header Files</Filter>
    </QtMoc>
    <QtMoc Include="Views\compareview.h">
      <Filter>Header Files</Filter>
    </QtMoc>
    <QtMoc Include="Datamodel\datamodel.h">
      <Filter>Header Files</Filter>
    </QtMoc>
    <ClInclude Include="ImageFormats\Heic\de265.h">
      <Filter>Header Files</Filter>
    </ClInclude>
    <ClInclude Include="ImageFormats\Dng\dng.h">
      <Filter>Header Files</Filter>
    </ClInclude>
    <QtMoc Include="Main\dockwidget.h">
      <Filter>Header Files</Filter>
    </QtMoc>
    <QtMoc Include="Utilities\dropshadowlabel.h">
      <Filter>Header Files</Filter>
    </QtMoc>
    <ClInclude Include="Metadata\exif.h">
      <Filter>Header Files</Filter>
    </ClInclude>
    <QtMoc Include="Datamodel\filters.h">
      <Filter>Header Files</Filter>
    </QtMoc>
    <QtMoc Include="File\fstree.h">
      <Filter>Header Files</Filter>
    </QtMoc>
    <ClInclude Include="ImageFormats\Fuji\fuji.h">
      <Filter>Header Files</Filter>
    </ClInclude>
    <ClInclude Include="Main\global.h">
      <Filter>Header Files</Filter>
    </ClInclude>
    <ClInclude Include="Metadata\gps.h">
      <Filter>Header Files</Filter>
    </ClInclude>
    <QtMoc Include="ImageFormats\Heic\heic.h">
      <Filter>Header Files</Filter>
    </QtMoc>
    <ClInclude Include="ImageFormats\Heic\heif.h">
      <Filter>Header Files</Filter>
    </ClInclude>
    <ClInclude Include="Utilities\icc.h">
      <Filter>Header Files</Filter>
    </ClInclude>
    <QtMoc Include="Views\iconview.h">
      <Filter>Header Files</Filter>
    </QtMoc>
    <QtMoc Include="Views\iconviewdelegate.h">
      <Filter>Header Files</Filter>
    </QtMoc>
    <ClInclude Include="Metadata\ifd.h">
      <Filter>Header Files</Filter>
    </ClInclude>
    <QtMoc Include="Image\imagealign.h">
      <Filter>Header Files</Filter>
    </QtMoc>
    <QtMoc Include="Cache\imagecache.h">
      <Filter>Header Files</Filter>
    </QtMoc>
    <ClInclude Include="Metadata\imagemetadata.h">
      <Filter>Header Files</Filter>
    </ClInclude>
    <QtMoc Include="Views\imageview.h">
      <Filter>Header Files</Filter>
    </QtMoc>
    <QtMoc Include="Views\infostring.h">
      <Filter>Header Files</Filter>
    </QtMoc>
    <QtMoc Include="Views\infoview.h">
      <Filter>Header Files</Filter>
    </QtMoc>
    <QtMoc Include="Dialogs\ingestdlg.h">
      <Filter>Header Files</Filter>
    </QtMoc>
    <ClInclude Include="Metadata\iptc.h">
      <Filter>Header Files</Filter>
    </ClInclude>
    <ClInclude Include="Metadata\irb.h">
      <Filter>Header Files</Filter>
    </ClInclude>
    <QtMoc Include="ImageFormats\Jpeg\jpeg.h">
      <Filter>Header Files</Filter>
    </QtMoc>
    <QtMoc Include="Dialogs\loadusbdlg.h">
      <Filter>Header Files</Filter>
    </QtMoc>
    <QtMoc Include="Main\mainwindow.h">
      <Filter>Header Files</Filter>
    </QtMoc>
    <QtMoc Include="Cache\mdcache.h">
      <Filter>Header Files</Filter>
    </QtMoc>
    <QtMoc Include="Metadata\metadata.h">
      <Filter>Header Files</Filter>
    </QtMoc>
    <ClInclude Include="Metadata\metareport.h">
      <Filter>Header Files</Filter>
    </ClInclude>
    <QtMoc Include="ImageFormats\Nikon\nikon.h">
      <Filter>Header Files</Filter>
    </QtMoc>
    <QtMoc Include="ImageFormats\Olympus\olympus.h">
      <Filter>Header Files</Filter>
    </QtMoc>
    <QtMoc Include="ImageFormats\Panasonic\panasonic.h">
      <Filter>Header Files</Filter>
    </QtMoc>
    <QtMoc Include="Image\pixmap.h">
      <Filter>Header Files</Filter>
    </QtMoc>
    <QtMoc Include="Utilities\popup.h">
      <Filter>Header Files</Filter>
    </QtMoc>
    <QtMoc Include="PropertyEditor\preferences.h">
      <Filter>Header Files</Filter>
    </QtMoc>
    <QtMoc Include="Dialogs\preferencesdlg.h">
      <Filter>Header Files</Filter>
    </QtMoc>
    <QtMoc Include="Utilities\progressbar.h">
      <Filter>Header Files</Filter>
    </QtMoc>
    <QtMoc Include="PropertyEditor\propertydelegate.h">
      <Filter>Header Files</Filter>
    </QtMoc>
    <QtMoc Include="PropertyEditor\propertyeditor.h">
      <Filter>Header Files</Filter>
    </QtMoc>
    <QtMoc Include="PropertyEditor\propertywidgets.h">
      <Filter>Header Files</Filter>
    </QtMoc>
    <QtMoc Include="Dialogs\renamedlg.h">
      <Filter>Header Files</Filter>
    </QtMoc>
    <QtMoc Include="Dialogs\saveasdlg.h">
      <Filter>Header Files</Filter>
    </QtMoc>
    <QtMoc Include="ImageFormats\Sony\sony.h">
      <Filter>Header Files</Filter>
    </QtMoc>
    <QtMoc Include="Views\tableview.h">
      <Filter>Header Files</Filter>
    </QtMoc>
    <QtMoc Include="Dialogs\testaligndlg.h">
      <Filter>Header Files</Filter>
    </QtMoc>
    <QtMoc Include="Image\thumb.h">
      <Filter>Header Files</Filter>
    </QtMoc>
    <QtMoc Include="ImageFormats\Tiff\tiff.h">
      <Filter>Header Files</Filter>
    </QtMoc>
    <QtMoc Include="Dialogs\tokendlg.h">
      <Filter>Header Files</Filter>
    </QtMoc>
    <ClInclude Include="Cache\tshash.h">
      <Filter>Header Files</Filter>
    </ClInclude>
    <QtMoc Include="Dialogs\updateapp.h">
      <Filter>Header Files</Filter>
    </QtMoc>
    <ClInclude Include="Utilities\usb.h">
      <Filter>Header Files</Filter>
    </ClInclude>
    <ClInclude Include="Utilities\utilities.h">
      <Filter>Header Files</Filter>
    </ClInclude>
    <ClInclude Include="Main\widgetcss.h">
      <Filter>Header Files</Filter>
    </ClInclude>
    <ClInclude Include="Utilities\win.h">
      <Filter>Header Files</Filter>
    </ClInclude>
    <QtMoc Include="Dialogs\workspacedlg.h">
      <Filter>Header Files</Filter>
    </QtMoc>
    <QtMoc Include="Metadata\xmp.h">
      <Filter>Header Files</Filter>
    </QtMoc>
    <QtMoc Include="Dialogs\zoomdlg.h">
      <Filter>Header Files</Filter>
    </QtMoc>
  </ItemGroup>
  <ItemGroup>
    <CustomBuild Include="debug\moc_predefs.h.cbt">
      <Filter>Generated Files</Filter>
    </CustomBuild>
    <CustomBuild Include="release\moc_predefs.h.cbt">
      <Filter>Generated Files</Filter>
    </CustomBuild>
  </ItemGroup>
  <ItemGroup>
    <QtUic Include="Dialogs\aboutdlg.ui">
      <Filter>Form Files</Filter>
    </QtUic>
    <QtUic Include="Dialogs\aligndlg.ui">
      <Filter>Form Files</Filter>
    </QtUic>
    <QtUic Include="Dialogs\appdlg.ui">
      <Filter>Form Files</Filter>
    </QtUic>
    <QtUic Include="Help\helpform.ui">
      <Filter>Form Files</Filter>
    </QtUic>
    <QtUic Include="Help\helpingest.ui">
      <Filter>Form Files</Filter>
    </QtUic>
    <QtUic Include="Help\ingestautopath.ui">
      <Filter>Form Files</Filter>
    </QtUic>
    <QtUic Include="Dialogs\ingestdlg.ui">
      <Filter>Form Files</Filter>
    </QtUic>
    <QtUic Include="Dialogs\ingestdlg_copy.ui">
      <Filter>Form Files</Filter>
    </QtUic>
    <QtUic Include="Help\introduction.ui">
      <Filter>Form Files</Filter>
    </QtUic>
    <QtUic Include="Dialogs\loadusbdlg.ui">
      <Filter>Form Files</Filter>
    </QtUic>
    <QtUic Include="Help\message.ui">
      <Filter>Form Files</Filter>
    </QtUic>
    <QtUic Include="Metadata\metadatareport.ui">
      <Filter>Form Files</Filter>
    </QtUic>
    <QtUic Include="Dialogs\renamedlg.ui">
      <Filter>Form Files</Filter>
    </QtUic>
    <QtUic Include="Dialogs\saveasdlg.ui">
      <Filter>Form Files</Filter>
    </QtUic>
    <QtUic Include="Help\shortcutsform.ui">
      <Filter>Form Files</Filter>
    </QtUic>
    <QtUic Include="Dialogs\test1.ui">
      <Filter>Form Files</Filter>
    </QtUic>
    <QtUic Include="Dialogs\test12.ui">
      <Filter>Form Files</Filter>
    </QtUic>
    <QtUic Include="Dialogs\testaligndlg.ui">
      <Filter>Form Files</Filter>
    </QtUic>
    <QtUic Include="Dialogs\testdlg.ui">
      <Filter>Form Files</Filter>
    </QtUic>
    <QtUic Include="Dialogs\tokendlg.ui">
      <Filter>Form Files</Filter>
    </QtUic>
    <QtUic Include="Dialogs\updateapp.ui">
      <Filter>Form Files</Filter>
    </QtUic>
    <QtUic Include="Help\welcome.ui">
      <Filter>Form Files</Filter>
    </QtUic>
    <QtUic Include="Dialogs\workspacedlg.ui">
      <Filter>Form Files</Filter>
    </QtUic>
    <QtUic Include="Dialogs\zoomdlg.ui">
      <Filter>Form Files</Filter>
    </QtUic>
  </ItemGroup>
  <ItemGroup>
    <None Include="images\icon16\A-Z.png">
      <Filter>Resource Files</Filter>
    </None>
    <None Include="images\Check_mark.png">
      <Filter>Resource Files</Filter>
    </None>
    <None Include="images\NoImagesInFolder.png">
      <Filter>Resource Files</Filter>
    </None>
    <None Include="images\SizeGrip1.png">
      <Filter>Resource Files</Filter>
    </None>
    <None Include="images\SizeGrip2.png">
      <Filter>Resource Files</Filter>
    </None>
    <None Include="images\Thumbs.db">
      <Filter>Resource Files</Filter>
    </None>
    <None Include="images\ThumbsUp16.png">
      <Filter>Resource Files</Filter>
    </None>
    <None Include="images\ThumbsUp48.png">
      <Filter>Resource Files</Filter>
    </None>
    <None Include="images\ThumbsUp96.png">
      <Filter>Resource Files</Filter>
    </None>
    <None Include="Docs\Winnow">
      <Filter>Resource Files</Filter>
    </None>
    <None Include="images\Winnow">
      <Filter>Resource Files</Filter>
    </None>
    <None Include="images\icon16\Z-A.png">
      <Filter>Resource Files</Filter>
    </None>
    <None Include="Docs\_template.html">
      <Filter>Resource Files</Filter>
    </None>
    <None Include="images\about.png">
      <Filter>Resource Files</Filter>
    </None>
    <None Include="images\back.png">
      <Filter>Resource Files</Filter>
    </None>
    <None Include="images\badImage1.png">
      <Filter>Resource Files</Filter>
    </None>
    <None Include="images\bookmarks.png">
      <Filter>Resource Files</Filter>
    </None>
    <None Include="images\bottom.png">
      <Filter>Resource Files</Filter>
    </None>
    <None Include="images\branch-closed-small.png">
      <Filter>Resource Files</Filter>
    </None>
    <None Include="images\branch-closed.png">
      <Filter>Resource Files</Filter>
    </None>
    <None Include="images\branch-open-small.png">
      <Filter>Resource Files</Filter>
    </None>
    <None Include="images\branch-open.png">
      <Filter>Resource Files</Filter>
    </None>
    <None Include="images\busy.gif">
      <Filter>Resource Files</Filter>
    </None>
    <None Include="images\checkbox_checked.png">
      <Filter>Resource Files</Filter>
    </None>
    <None Include="images\checkbox_checked_hover.png">
      <Filter>Resource Files</Filter>
    </None>
    <None Include="images\checkbox_checked_pressed.png">
      <Filter>Resource Files</Filter>
    </None>
    <None Include="images\checkbox_unchecked.png">
      <Filter>Resource Files</Filter>
    </None>
    <None Include="images\checkbox_unchecked_hover.png">
      <Filter>Resource Files</Filter>
    </None>
    <None Include="images\checkbox_unchecked_pressed.png">
      <Filter>Resource Files</Filter>
    </None>
    <None Include="images\checkmark.png">
      <Filter>Resource Files</Filter>
    </None>
    <None Include="images\checkmark128.png">
      <Filter>Resource Files</Filter>
    </None>
    <None Include="images\checkmark256.png">
      <Filter>Resource Files</Filter>
    </None>
    <None Include="images\checkmark48.png">
      <Filter>Resource Files</Filter>
    </None>
    <None Include="images\checkmark64.png">
      <Filter>Resource Files</Filter>
    </None>
    <None Include="images\clear.png">
      <Filter>Resource Files</Filter>
    </None>
    <None Include="images\colors.png">
      <Filter>Resource Files</Filter>
    </None>
    <None Include="images\combobox-updown-arrow">
      <Filter>Resource Files</Filter>
    </None>
    <None Include="console.txt">
      <Filter>Resource Files</Filter>
    </None>
    <None Include="coordinate">
      <Filter>Resource Files</Filter>
    </None>
    <None Include="images\copy.png">
      <Filter>Resource Files</Filter>
    </None>
    <None Include="images\crop.png">
      <Filter>Resource Files</Filter>
    </None>
    <None Include="images\cut.png">
      <Filter>Resource Files</Filter>
    </None>
    <None Include="images\delete.png">
      <Filter>Resource Files</Filter>
    </None>
    <None Include="images\down-arrow.png">
      <Filter>Resource Files</Filter>
    </None>
    <None Include="images\down-arrow1.png">
      <Filter>Resource Files</Filter>
    </None>
    <None Include="images\down-arrow2.png">
      <Filter>Resource Files</Filter>
    </None>
    <None Include="images\down-arrow3.png">
      <Filter>Resource Files</Filter>
    </None>
    <None Include="images\down_arrow.png">
      <Filter>Resource Files</Filter>
    </None>
    <None Include="images\down_arrow_disabled.png">
      <Filter>Resource Files</Filter>
    </None>
    <None Include="images\duplicates.png">
      <Filter>Resource Files</Filter>
    </None>
    <None Include="images\error_image.png">
      <Filter>Resource Files</Filter>
    </None>
    <None Include="images\icon16\filter.png">
      <Filter>Resource Files</Filter>
    </None>
    <None Include="images\filter_off.png">
      <Filter>Resource Files</Filter>
    </None>
    <None Include="images\filter_on.png">
      <Filter>Resource Files</Filter>
    </None>
    <None Include="images\first.png">
      <Filter>Resource Files</Filter>
    </None>
    <None Include="images\flipH.png">
      <Filter>Resource Files</Filter>
    </None>
    <None Include="images\flipV.png">
      <Filter>Resource Files</Filter>
    </None>
    <None Include="images\frame.png">
      <Filter>Resource Files</Filter>
    </None>
    <None Include="help.html">
      <Filter>Resource Files</Filter>
    </None>
    <None Include="images\home.png">
      <Filter>Resource Files</Filter>
    </None>
    <None Include="Docs\ingestautopath.html">
      <Filter>Resource Files</Filter>
    </None>
    <None Include="Docs\ingesthelp.htm">
      <Filter>Resource Files</Filter>
    </None>
    <None Include="images\last.png">
      <Filter>Resource Files</Filter>
    </None>
    <None Include="images\icon16\link.png">
      <Filter>Resource Files</Filter>
    </None>
    <None Include="images\new.png">
      <Filter>Resource Files</Filter>
    </None>
    <None Include="images\new_bookmark.png">
      <Filter>Resource Files</Filter>
    </None>
    <None Include="images\new_folder.png">
      <Filter>Resource Files</Filter>
    </None>
    <None Include="images\new_tag.png">
      <Filter>Resource Files</Filter>
    </None>
    <None Include="images\next.png">
      <Filter>Resource Files</Filter>
    </None>
    <None Include="images\no_image.png">
      <Filter>Resource Files</Filter>
    </None>
    <None Include="images\open.png">
      <Filter>Resource Files</Filter>
    </None>
    <None Include="images\pagefold.png">
      <Filter>Resource Files</Filter>
    </None>
    <None Include="images\paste.png">
      <Filter>Resource Files</Filter>
    </None>
    <None Include="images\play.png">
      <Filter>Resource Files</Filter>
    </None>
    <None Include="images\pushbutton.png">
      <Filter>Resource Files</Filter>
    </None>
    <None Include="images\pushbutton_hover.png">
      <Filter>Resource Files</Filter>
    </None>
    <None Include="images\pushbutton_pressed.png">
      <Filter>Resource Files</Filter>
    </None>
    <None Include="images\radiobutton_checked.png">
      <Filter>Resource Files</Filter>
    </None>
    <None Include="images\radiobutton_checked_hover.png">
      <Filter>Resource Files</Filter>
    </None>
    <None Include="images\radiobutton_checked_pressed.png">
      <Filter>Resource Files</Filter>
    </None>
    <None Include="images\radiobutton_unchecked.png">
      <Filter>Resource Files</Filter>
    </None>
    <None Include="images\radiobutton_unchecked_hover.png">
      <Filter>Resource Files</Filter>
    </None>
    <None Include="images\radiobutton_unchecked_pressed.png">
      <Filter>Resource Files</Filter>
    </None>
    <None Include="images\icon16\rawjpeg.png">
      <Filter>Resource Files</Filter>
    </None>
    <None Include="images\refresh.png">
      <Filter>Resource Files</Filter>
    </None>
    <None Include="images\rotate_left.png">
      <Filter>Resource Files</Filter>
    </None>
    <None Include="images\rotate_right.png">
      <Filter>Resource Files</Filter>
    </None>
    <None Include="images\save.png">
      <Filter>Resource Files</Filter>
    </None>
    <None Include="images\save_as.png">
      <Filter>Resource Files</Filter>
    </None>
    <None Include="images\scale.png">
      <Filter>Resource Files</Filter>
    </None>
    <None Include="images\settings.png">
      <Filter>Resource Files</Filter>
    </None>
    <None Include="images\sizegrip.png">
      <Filter>Resource Files</Filter>
    </None>
    <None Include="images\icon16\slideshow.png">
      <Filter>Resource Files</Filter>
    </None>
    <None Include="spaces.png">
      <Filter>Resource Files</Filter>
    </None>
    <None Include="spaces.psd">
      <Filter>Resource Files</Filter>
    </None>
    <None Include="images\spindown.png">
      <Filter>Resource Files</Filter>
    </None>
    <None Include="images\spindown_hover.png">
      <Filter>Resource Files</Filter>
    </None>
    <None Include="images\spindown_off.png">
      <Filter>Resource Files</Filter>
    </None>
    <None Include="images\spindown_pressed.png">
      <Filter>Resource Files</Filter>
    </None>
    <None Include="images\spinup.png">
      <Filter>Resource Files</Filter>
    </None>
    <None Include="images\spinup_hover.png">
      <Filter>Resource Files</Filter>
    </None>
    <None Include="images\spinup_off.png">
      <Filter>Resource Files</Filter>
    </None>
    <None Include="images\spinup_pressed.png">
      <Filter>Resource Files</Filter>
    </None>
    <None Include="images\stop.png">
      <Filter>Resource Files</Filter>
    </None>
    <None Include="images\icon16\subfolders.png">
      <Filter>Resource Files</Filter>
    </None>
    <None Include="images\tag_blue.png">
      <Filter>Resource Files</Filter>
    </None>
    <None Include="images\tag_grey.png">
      <Filter>Resource Files</Filter>
    </None>
    <None Include="images\tag_multi.png">
      <Filter>Resource Files</Filter>
    </None>
    <None Include="images\tag_yellow.png">
      <Filter>Resource Files</Filter>
    </None>
    <None Include="images\tokenBackground.png">
      <Filter>Resource Files</Filter>
    </None>
    <None Include="images\top.png">
      <Filter>Resource Files</Filter>
    </None>
    <None Include="images\tree.png">
      <Filter>Resource Files</Filter>
    </None>
    <None Include="images\up.icns">
      <Filter>Resource Files</Filter>
    </None>
    <None Include="images\up.png">
      <Filter>Resource Files</Filter>
    </None>
    <None Include="images\up_arrow.png">
      <Filter>Resource Files</Filter>
    </None>
    <None Include="images\up_arrow_disabled.png">
      <Filter>Resource Files</Filter>
    </None>
    <None Include="Docs\versions.html">
      <Filter>Resource Files</Filter>
    </None>
    <None Include="qss\winnow.css">
      <Filter>Resource Files</Filter>
    </None>
    <None Include="Docs\winnow.html">
      <Filter>Resource Files</Filter>
    </None>
    <None Include="images\winnow.icns">
      <Filter>Resource Files</Filter>
    </None>
    <None Include="images\winnow.ico">
      <Filter>Resource Files</Filter>
    </None>
    <None Include="images\winnow.png">
      <Filter>Resource Files</Filter>
    </None>
    <QtRcc Include="winnow.qrc">
      <Filter>Resource Files</Filter>
    </QtRcc>
    <None Include="images\winnow1.png">
      <Filter>Resource Files</Filter>
    </None>
    <None Include="images\winnow2.png">
      <Filter>Resource Files</Filter>
    </None>
    <None Include="images\winnow288.ico">
      <Filter>Resource Files</Filter>
    </None>
    <None Include="images\winnow288.png">
      <Filter>Resource Files</Filter>
    </None>
    <None Include="images\winnow64.png">
      <Filter>Resource Files</Filter>
    </None>
    <None Include="images\zoom.png">
      <Filter>Resource Files</Filter>
    </None>
    <None Include="images\zoom1.png">
      <Filter>Resource Files</Filter>
    </None>
    <None Include="images\zoom_in.png">
      <Filter>Resource Files</Filter>
    </None>
    <None Include="images\zoom_out.png">
      <Filter>Resource Files</Filter>
    </None>
    <None Include="Docs\ingestautopath.html" />
  </ItemGroup>
  <ItemGroup>
    <None Include="notes\DeployInstall.txt">
      <Filter>Distribution Files</Filter>
    </None>
    <None Include="notes\ExiftoolCommands.txt">
      <Filter>Distribution Files</Filter>
    </None>
    <None Include="notes\HelpDocCreation.txt">
      <Filter>Distribution Files</Filter>
    </None>
    <None Include="notes\Menu.txt">
      <Filter>Distribution Files</Filter>
    </None>
    <None Include="notes\Scratch.txt">
      <Filter>Distribution Files</Filter>
    </None>
    <None Include="notes\Shortcuts.txt">
      <Filter>Distribution Files</Filter>
    </None>
    <None Include="notes\_Notes">
      <Filter>Distribution Files</Filter>
    </None>
    <None Include="notes\_ToDo.txt">
      <Filter>Distribution Files</Filter>
    </None>
    <None Include="notes\git.txt">
      <Filter>Distribution Files</Filter>
    </None>
    <None Include="notes\help_videos_on_mac.txt">
      <Filter>Distribution Files</Filter>
    </None>
    <None Include="notes\hevcinfo">
      <Filter>Distribution Files</Filter>
    </None>
    <None Include="Docs\ingestautopath.html">
      <Filter>Distribution Files</Filter>
    </None>
    <None Include="Docs\ingestautopath">
      <Filter>Distribution Files</Filter>
    </None>
    <None Include="notes\scratch.css">
      <Filter>Distribution Files</Filter>
    </None>
    <None Include="notes\scratch.html">
      <Filter>Distribution Files</Filter>
    </None>
    <None Include="notes\snippets.txt">
      <Filter>Distribution Files</Filter>
    </None>
    <None Include="Docs\test.html">
      <Filter>Distribution Files</Filter>
    </None>
    <None Include="Docs\versions">
      <Filter>Distribution Files</Filter>
    </None>
    <None Include="notes\xmp.txt">
      <Filter>Distribution Files</Filter>
    </None>
  </ItemGroup>
  <ItemGroup>
    <ResourceCompile Include="D:\My Projects\Winnow Project\Winnow64\Winnow_resource.rc" />
  </ItemGroup>
</Project>